// !$*UTF8*$!
{
	archiveVersion = 1;
	classes = {
	};
	objectVersion = 51;
	objects = {

/* Begin PBXBuildFile section */
		BD2ED8CDFD6804424E37A6DE /* Pods_MarvelHeroes.framework in Frameworks */ = {isa = PBXBuildFile; fileRef = B478DEDE4174AA1DD2203761 /* Pods_MarvelHeroes.framework */; };
		D2F0C897B9B24EC25E764F8B /* Pods_MarvelHeroesTests.framework in Frameworks */ = {isa = PBXBuildFile; fileRef = 81F9B8B61DDEC4EDF93BC25F /* Pods_MarvelHeroesTests.framework */; };
		D754BFE92620755A005FB0BD /* AppDelegate.swift in Sources */ = {isa = PBXBuildFile; fileRef = D754BFE82620755A005FB0BD /* AppDelegate.swift */; };
		D754BFEB2620755A005FB0BD /* SceneDelegate.swift in Sources */ = {isa = PBXBuildFile; fileRef = D754BFEA2620755A005FB0BD /* SceneDelegate.swift */; };
		D754BFF22620755D005FB0BD /* Assets.xcassets in Resources */ = {isa = PBXBuildFile; fileRef = D754BFF12620755D005FB0BD /* Assets.xcassets */; };
		D754BFF52620755D005FB0BD /* LaunchScreen.storyboard in Resources */ = {isa = PBXBuildFile; fileRef = D754BFF32620755D005FB0BD /* LaunchScreen.storyboard */; };
		D754C0002620755D005FB0BD /* MarvelHeroesTests.swift in Sources */ = {isa = PBXBuildFile; fileRef = D754BFFF2620755D005FB0BD /* MarvelHeroesTests.swift */; };
		D754C00B2620755E005FB0BD /* MarvelHeroesUITests.swift in Sources */ = {isa = PBXBuildFile; fileRef = D754C00A2620755E005FB0BD /* MarvelHeroesUITests.swift */; };
		D754C01F262075A3005FB0BD /* HeroDetailViewController.storyboard in Resources */ = {isa = PBXBuildFile; fileRef = D754C01E262075A3005FB0BD /* HeroDetailViewController.storyboard */; };
		D754C024262075CE005FB0BD /* HeroDetailViewController.swift in Sources */ = {isa = PBXBuildFile; fileRef = D754C023262075CE005FB0BD /* HeroDetailViewController.swift */; };
		D754C051262076B9005FB0BD /* ViewProtocols.swift in Sources */ = {isa = PBXBuildFile; fileRef = D754C050262076B9005FB0BD /* ViewProtocols.swift */; };
		D754C05B26207823005FB0BD /* ApiRouter.swift in Sources */ = {isa = PBXBuildFile; fileRef = D754C05A26207823005FB0BD /* ApiRouter.swift */; };
		D754C063262078E6005FB0BD /* Podfile in Resources */ = {isa = PBXBuildFile; fileRef = D754C062262078E6005FB0BD /* Podfile */; };
		D754C07626207DE4005FB0BD /* MarvelAPI.swift in Sources */ = {isa = PBXBuildFile; fileRef = D754C07526207DE4005FB0BD /* MarvelAPI.swift */; };
		D754C07E26207F8B005FB0BD /* CryptoString.swift in Sources */ = {isa = PBXBuildFile; fileRef = D754C07D26207F8B005FB0BD /* CryptoString.swift */; };
		D754C098262080E7005FB0BD /* Bundle.swift in Sources */ = {isa = PBXBuildFile; fileRef = D754C097262080E7005FB0BD /* Bundle.swift */; };
		D754C0A326208242005FB0BD /* MarvelHeroesIntegrationTests.swift in Sources */ = {isa = PBXBuildFile; fileRef = D754C0A226208242005FB0BD /* MarvelHeroesIntegrationTests.swift */; };
		D754C0AF26208264005FB0BD /* MarvelAPITests.swift in Sources */ = {isa = PBXBuildFile; fileRef = D754C0AE26208264005FB0BD /* MarvelAPITests.swift */; };
		D754C0B82620A0CF005FB0BD /* HeroListViewController.storyboard in Resources */ = {isa = PBXBuildFile; fileRef = D754C0B72620A0CF005FB0BD /* HeroListViewController.storyboard */; };
		D754C0BE2620A0DF005FB0BD /* HeroListViewController.swift in Sources */ = {isa = PBXBuildFile; fileRef = D754C0BD2620A0DF005FB0BD /* HeroListViewController.swift */; };
		D754C0C52620A129005FB0BD /* HeroListPresenter.swift in Sources */ = {isa = PBXBuildFile; fileRef = D754C0C42620A129005FB0BD /* HeroListPresenter.swift */; };
		D754C0CF2620A32A005FB0BD /* HeroCollectionViewCell.swift in Sources */ = {isa = PBXBuildFile; fileRef = D754C0CE2620A32A005FB0BD /* HeroCollectionViewCell.swift */; };
		D754C0D62620A761005FB0BD /* AllHeroesRepository.swift in Sources */ = {isa = PBXBuildFile; fileRef = D754C0D52620A761005FB0BD /* AllHeroesRepository.swift */; };
		D754C0E02620A7BE005FB0BD /* FetchHeroesUseCase.swift in Sources */ = {isa = PBXBuildFile; fileRef = D754C0DF2620A7BE005FB0BD /* FetchHeroesUseCase.swift */; };
		D754C0E72620A9E8005FB0BD /* HeroListAssembler.swift in Sources */ = {isa = PBXBuildFile; fileRef = D754C0E62620A9E8005FB0BD /* HeroListAssembler.swift */; };
		D754C0FD2620B437005FB0BD /* HeroDetailPresenter.swift in Sources */ = {isa = PBXBuildFile; fileRef = D754C0FC2620B437005FB0BD /* HeroDetailPresenter.swift */; };
		D754C1042620C05E005FB0BD /* InMemoryHeroDetailRepository.swift in Sources */ = {isa = PBXBuildFile; fileRef = D754C1032620C05E005FB0BD /* InMemoryHeroDetailRepository.swift */; };
		D754C10F2620C0DB005FB0BD /* HeroDetailAssembler.swift in Sources */ = {isa = PBXBuildFile; fileRef = D754C10E2620C0DB005FB0BD /* HeroDetailAssembler.swift */; };
		D754C1162620C1D6005FB0BD /* HeroDetailOpener.swift in Sources */ = {isa = PBXBuildFile; fileRef = D754C1152620C1D6005FB0BD /* HeroDetailOpener.swift */; };
		D754C11D2620C230005FB0BD /* WireframeProtocols.swift in Sources */ = {isa = PBXBuildFile; fileRef = D754C11C2620C230005FB0BD /* WireframeProtocols.swift */; };
		D754C1282620C309005FB0BD /* RootWireframe.swift in Sources */ = {isa = PBXBuildFile; fileRef = D754C1272620C309005FB0BD /* RootWireframe.swift */; };
		D754C1332620C526005FB0BD /* HeroListRouter.swift in Sources */ = {isa = PBXBuildFile; fileRef = D754C1322620C526005FB0BD /* HeroListRouter.swift */; };
		D754C13D2620C925005FB0BD /* ByIdHeroDetailRepository.swift in Sources */ = {isa = PBXBuildFile; fileRef = D754C13C2620C925005FB0BD /* ByIdHeroDetailRepository.swift */; };
		D754C14C262207F1005FB0BD /* UIImageView.swift in Sources */ = {isa = PBXBuildFile; fileRef = D754C14B262207F1005FB0BD /* UIImageView.swift */; };
		F7F2298908F846D80A0D0F37 /* Pods_MarvelHeroes_MarvelHeroesUITests.framework in Frameworks */ = {isa = PBXBuildFile; fileRef = 303B600BEEFDE03047EC3C1C /* Pods_MarvelHeroes_MarvelHeroesUITests.framework */; };
/* End PBXBuildFile section */

/* Begin PBXContainerItemProxy section */
		D754BFFC2620755D005FB0BD /* PBXContainerItemProxy */ = {
			isa = PBXContainerItemProxy;
			containerPortal = D754BFDD2620755A005FB0BD /* Project object */;
			proxyType = 1;
			remoteGlobalIDString = D754BFE42620755A005FB0BD;
			remoteInfo = MarvelHeroes;
		};
		D754C0072620755E005FB0BD /* PBXContainerItemProxy */ = {
			isa = PBXContainerItemProxy;
			containerPortal = D754BFDD2620755A005FB0BD /* Project object */;
			proxyType = 1;
			remoteGlobalIDString = D754BFE42620755A005FB0BD;
			remoteInfo = MarvelHeroes;
		};
		D754C0A526208242005FB0BD /* PBXContainerItemProxy */ = {
			isa = PBXContainerItemProxy;
			containerPortal = D754BFDD2620755A005FB0BD /* Project object */;
			proxyType = 1;
			remoteGlobalIDString = D754BFE42620755A005FB0BD;
			remoteInfo = MarvelHeroes;
		};
/* End PBXContainerItemProxy section */

/* Begin PBXFileReference section */
		303B600BEEFDE03047EC3C1C /* Pods_MarvelHeroes_MarvelHeroesUITests.framework */ = {isa = PBXFileReference; explicitFileType = wrapper.framework; includeInIndex = 0; path = Pods_MarvelHeroes_MarvelHeroesUITests.framework; sourceTree = BUILT_PRODUCTS_DIR; };
		703187FE2F66740DDAA5EC2D /* Pods-MarvelHeroesTests.release.xcconfig */ = {isa = PBXFileReference; includeInIndex = 1; lastKnownFileType = text.xcconfig; name = "Pods-MarvelHeroesTests.release.xcconfig"; path = "Target Support Files/Pods-MarvelHeroesTests/Pods-MarvelHeroesTests.release.xcconfig"; sourceTree = "<group>"; };
		78692BD8C27465C6FCB003C1 /* Pods-MarvelHeroes.debug.xcconfig */ = {isa = PBXFileReference; includeInIndex = 1; lastKnownFileType = text.xcconfig; name = "Pods-MarvelHeroes.debug.xcconfig"; path = "Target Support Files/Pods-MarvelHeroes/Pods-MarvelHeroes.debug.xcconfig"; sourceTree = "<group>"; };
		81F9B8B61DDEC4EDF93BC25F /* Pods_MarvelHeroesTests.framework */ = {isa = PBXFileReference; explicitFileType = wrapper.framework; includeInIndex = 0; path = Pods_MarvelHeroesTests.framework; sourceTree = BUILT_PRODUCTS_DIR; };
		902279C49A7082D69261B914 /* Pods-MarvelHeroesTests.debug.xcconfig */ = {isa = PBXFileReference; includeInIndex = 1; lastKnownFileType = text.xcconfig; name = "Pods-MarvelHeroesTests.debug.xcconfig"; path = "Target Support Files/Pods-MarvelHeroesTests/Pods-MarvelHeroesTests.debug.xcconfig"; sourceTree = "<group>"; };
		9391A41CFD635BA9EA89C33E /* Pods-MarvelHeroes-MarvelHeroesUITests.release.xcconfig */ = {isa = PBXFileReference; includeInIndex = 1; lastKnownFileType = text.xcconfig; name = "Pods-MarvelHeroes-MarvelHeroesUITests.release.xcconfig"; path = "Target Support Files/Pods-MarvelHeroes-MarvelHeroesUITests/Pods-MarvelHeroes-MarvelHeroesUITests.release.xcconfig"; sourceTree = "<group>"; };
		B478DEDE4174AA1DD2203761 /* Pods_MarvelHeroes.framework */ = {isa = PBXFileReference; explicitFileType = wrapper.framework; includeInIndex = 0; path = Pods_MarvelHeroes.framework; sourceTree = BUILT_PRODUCTS_DIR; };
		BF194CE3CF39FF0096A48A19 /* Pods-MarvelHeroes.release.xcconfig */ = {isa = PBXFileReference; includeInIndex = 1; lastKnownFileType = text.xcconfig; name = "Pods-MarvelHeroes.release.xcconfig"; path = "Target Support Files/Pods-MarvelHeroes/Pods-MarvelHeroes.release.xcconfig"; sourceTree = "<group>"; };
		D754BFE52620755A005FB0BD /* MarvelHeroes.app */ = {isa = PBXFileReference; explicitFileType = wrapper.application; includeInIndex = 0; path = MarvelHeroes.app; sourceTree = BUILT_PRODUCTS_DIR; };
		D754BFE82620755A005FB0BD /* AppDelegate.swift */ = {isa = PBXFileReference; lastKnownFileType = sourcecode.swift; path = AppDelegate.swift; sourceTree = "<group>"; };
		D754BFEA2620755A005FB0BD /* SceneDelegate.swift */ = {isa = PBXFileReference; lastKnownFileType = sourcecode.swift; path = SceneDelegate.swift; sourceTree = "<group>"; };
		D754BFF12620755D005FB0BD /* Assets.xcassets */ = {isa = PBXFileReference; lastKnownFileType = folder.assetcatalog; path = Assets.xcassets; sourceTree = "<group>"; };
		D754BFF42620755D005FB0BD /* Base */ = {isa = PBXFileReference; lastKnownFileType = file.storyboard; name = Base; path = Base.lproj/LaunchScreen.storyboard; sourceTree = "<group>"; };
		D754BFF62620755D005FB0BD /* Info.plist */ = {isa = PBXFileReference; lastKnownFileType = text.plist.xml; path = Info.plist; sourceTree = "<group>"; };
		D754BFFB2620755D005FB0BD /* MarvelHeroesTests.xctest */ = {isa = PBXFileReference; explicitFileType = wrapper.cfbundle; includeInIndex = 0; path = MarvelHeroesTests.xctest; sourceTree = BUILT_PRODUCTS_DIR; };
		D754BFFF2620755D005FB0BD /* MarvelHeroesTests.swift */ = {isa = PBXFileReference; lastKnownFileType = sourcecode.swift; path = MarvelHeroesTests.swift; sourceTree = "<group>"; };
		D754C0012620755E005FB0BD /* Info.plist */ = {isa = PBXFileReference; lastKnownFileType = text.plist.xml; path = Info.plist; sourceTree = "<group>"; };
		D754C0062620755E005FB0BD /* MarvelHeroesUITests.xctest */ = {isa = PBXFileReference; explicitFileType = wrapper.cfbundle; includeInIndex = 0; path = MarvelHeroesUITests.xctest; sourceTree = BUILT_PRODUCTS_DIR; };
		D754C00A2620755E005FB0BD /* MarvelHeroesUITests.swift */ = {isa = PBXFileReference; lastKnownFileType = sourcecode.swift; path = MarvelHeroesUITests.swift; sourceTree = "<group>"; };
		D754C00C2620755E005FB0BD /* Info.plist */ = {isa = PBXFileReference; lastKnownFileType = text.plist.xml; path = Info.plist; sourceTree = "<group>"; };
		D754C01E262075A3005FB0BD /* HeroDetailViewController.storyboard */ = {isa = PBXFileReference; lastKnownFileType = file.storyboard; path = HeroDetailViewController.storyboard; sourceTree = "<group>"; };
		D754C023262075CE005FB0BD /* HeroDetailViewController.swift */ = {isa = PBXFileReference; lastKnownFileType = sourcecode.swift; path = HeroDetailViewController.swift; sourceTree = "<group>"; };
		D754C050262076B9005FB0BD /* ViewProtocols.swift */ = {isa = PBXFileReference; lastKnownFileType = sourcecode.swift; path = ViewProtocols.swift; sourceTree = "<group>"; };
		D754C05A26207823005FB0BD /* ApiRouter.swift */ = {isa = PBXFileReference; lastKnownFileType = sourcecode.swift; path = ApiRouter.swift; sourceTree = "<group>"; };
		D754C062262078E6005FB0BD /* Podfile */ = {isa = PBXFileReference; fileEncoding = 4; lastKnownFileType = text; path = Podfile; sourceTree = "<group>"; xcLanguageSpecificationIdentifier = xcode.lang.ruby; };
		D754C07526207DE4005FB0BD /* MarvelAPI.swift */ = {isa = PBXFileReference; lastKnownFileType = sourcecode.swift; path = MarvelAPI.swift; sourceTree = "<group>"; };
		D754C07D26207F8B005FB0BD /* CryptoString.swift */ = {isa = PBXFileReference; lastKnownFileType = sourcecode.swift; path = CryptoString.swift; sourceTree = "<group>"; };
		D754C097262080E7005FB0BD /* Bundle.swift */ = {isa = PBXFileReference; lastKnownFileType = sourcecode.swift; path = Bundle.swift; sourceTree = "<group>"; };
		D754C0A026208242005FB0BD /* MarvelHeroesIntegrationTests.xctest */ = {isa = PBXFileReference; explicitFileType = wrapper.cfbundle; includeInIndex = 0; path = MarvelHeroesIntegrationTests.xctest; sourceTree = BUILT_PRODUCTS_DIR; };
		D754C0A226208242005FB0BD /* MarvelHeroesIntegrationTests.swift */ = {isa = PBXFileReference; lastKnownFileType = sourcecode.swift; path = MarvelHeroesIntegrationTests.swift; sourceTree = "<group>"; };
		D754C0A426208242005FB0BD /* Info.plist */ = {isa = PBXFileReference; lastKnownFileType = text.plist.xml; path = Info.plist; sourceTree = "<group>"; };
		D754C0AE26208264005FB0BD /* MarvelAPITests.swift */ = {isa = PBXFileReference; lastKnownFileType = sourcecode.swift; path = MarvelAPITests.swift; sourceTree = "<group>"; };
		D754C0B72620A0CF005FB0BD /* HeroListViewController.storyboard */ = {isa = PBXFileReference; lastKnownFileType = file.storyboard; path = HeroListViewController.storyboard; sourceTree = "<group>"; };
		D754C0BD2620A0DF005FB0BD /* HeroListViewController.swift */ = {isa = PBXFileReference; lastKnownFileType = sourcecode.swift; path = HeroListViewController.swift; sourceTree = "<group>"; };
		D754C0C42620A129005FB0BD /* HeroListPresenter.swift */ = {isa = PBXFileReference; lastKnownFileType = sourcecode.swift; path = HeroListPresenter.swift; sourceTree = "<group>"; };
		D754C0CE2620A32A005FB0BD /* HeroCollectionViewCell.swift */ = {isa = PBXFileReference; lastKnownFileType = sourcecode.swift; path = HeroCollectionViewCell.swift; sourceTree = "<group>"; };
		D754C0D52620A761005FB0BD /* AllHeroesRepository.swift */ = {isa = PBXFileReference; lastKnownFileType = sourcecode.swift; path = AllHeroesRepository.swift; sourceTree = "<group>"; };
		D754C0DF2620A7BE005FB0BD /* FetchHeroesUseCase.swift */ = {isa = PBXFileReference; lastKnownFileType = sourcecode.swift; path = FetchHeroesUseCase.swift; sourceTree = "<group>"; };
		D754C0E62620A9E8005FB0BD /* HeroListAssembler.swift */ = {isa = PBXFileReference; lastKnownFileType = sourcecode.swift; path = HeroListAssembler.swift; sourceTree = "<group>"; };
		D754C0FC2620B437005FB0BD /* HeroDetailPresenter.swift */ = {isa = PBXFileReference; lastKnownFileType = sourcecode.swift; path = HeroDetailPresenter.swift; sourceTree = "<group>"; };
		D754C1032620C05E005FB0BD /* InMemoryHeroDetailRepository.swift */ = {isa = PBXFileReference; lastKnownFileType = sourcecode.swift; path = InMemoryHeroDetailRepository.swift; sourceTree = "<group>"; };
		D754C10E2620C0DB005FB0BD /* HeroDetailAssembler.swift */ = {isa = PBXFileReference; lastKnownFileType = sourcecode.swift; path = HeroDetailAssembler.swift; sourceTree = "<group>"; };
		D754C1152620C1D6005FB0BD /* HeroDetailOpener.swift */ = {isa = PBXFileReference; lastKnownFileType = sourcecode.swift; path = HeroDetailOpener.swift; sourceTree = "<group>"; };
		D754C11C2620C230005FB0BD /* WireframeProtocols.swift */ = {isa = PBXFileReference; lastKnownFileType = sourcecode.swift; path = WireframeProtocols.swift; sourceTree = "<group>"; };
		D754C1272620C309005FB0BD /* RootWireframe.swift */ = {isa = PBXFileReference; lastKnownFileType = sourcecode.swift; path = RootWireframe.swift; sourceTree = "<group>"; };
		D754C1322620C526005FB0BD /* HeroListRouter.swift */ = {isa = PBXFileReference; lastKnownFileType = sourcecode.swift; path = HeroListRouter.swift; sourceTree = "<group>"; };
		D754C13C2620C925005FB0BD /* ByIdHeroDetailRepository.swift */ = {isa = PBXFileReference; lastKnownFileType = sourcecode.swift; path = ByIdHeroDetailRepository.swift; sourceTree = "<group>"; };
		D754C14B262207F1005FB0BD /* UIImageView.swift */ = {isa = PBXFileReference; lastKnownFileType = sourcecode.swift; path = UIImageView.swift; sourceTree = "<group>"; };
		DFB9426FB6AA4234A29908F0 /* Pods-MarvelHeroes-MarvelHeroesUITests.debug.xcconfig */ = {isa = PBXFileReference; includeInIndex = 1; lastKnownFileType = text.xcconfig; name = "Pods-MarvelHeroes-MarvelHeroesUITests.debug.xcconfig"; path = "Target Support Files/Pods-MarvelHeroes-MarvelHeroesUITests/Pods-MarvelHeroes-MarvelHeroesUITests.debug.xcconfig"; sourceTree = "<group>"; };
/* End PBXFileReference section */

/* Begin PBXFrameworksBuildPhase section */
		D754BFE22620755A005FB0BD /* Frameworks */ = {
			isa = PBXFrameworksBuildPhase;
			buildActionMask = 2147483647;
			files = (
				BD2ED8CDFD6804424E37A6DE /* Pods_MarvelHeroes.framework in Frameworks */,
			);
			runOnlyForDeploymentPostprocessing = 0;
		};
		D754BFF82620755D005FB0BD /* Frameworks */ = {
			isa = PBXFrameworksBuildPhase;
			buildActionMask = 2147483647;
			files = (
				D2F0C897B9B24EC25E764F8B /* Pods_MarvelHeroesTests.framework in Frameworks */,
			);
			runOnlyForDeploymentPostprocessing = 0;
		};
		D754C0032620755E005FB0BD /* Frameworks */ = {
			isa = PBXFrameworksBuildPhase;
			buildActionMask = 2147483647;
			files = (
				F7F2298908F846D80A0D0F37 /* Pods_MarvelHeroes_MarvelHeroesUITests.framework in Frameworks */,
			);
			runOnlyForDeploymentPostprocessing = 0;
		};
		D754C09D26208242005FB0BD /* Frameworks */ = {
			isa = PBXFrameworksBuildPhase;
			buildActionMask = 2147483647;
			files = (
			);
			runOnlyForDeploymentPostprocessing = 0;
		};
/* End PBXFrameworksBuildPhase section */

/* Begin PBXGroup section */
		445F3B9ABE69FACAC6475BF2 /* Pods */ = {
			isa = PBXGroup;
			children = (
				78692BD8C27465C6FCB003C1 /* Pods-MarvelHeroes.debug.xcconfig */,
				BF194CE3CF39FF0096A48A19 /* Pods-MarvelHeroes.release.xcconfig */,
				DFB9426FB6AA4234A29908F0 /* Pods-MarvelHeroes-MarvelHeroesUITests.debug.xcconfig */,
				9391A41CFD635BA9EA89C33E /* Pods-MarvelHeroes-MarvelHeroesUITests.release.xcconfig */,
				902279C49A7082D69261B914 /* Pods-MarvelHeroesTests.debug.xcconfig */,
				703187FE2F66740DDAA5EC2D /* Pods-MarvelHeroesTests.release.xcconfig */,
			);
			path = Pods;
			sourceTree = "<group>";
		};
		749EEC9857139DB3347017C8 /* Frameworks */ = {
			isa = PBXGroup;
			children = (
				B478DEDE4174AA1DD2203761 /* Pods_MarvelHeroes.framework */,
				303B600BEEFDE03047EC3C1C /* Pods_MarvelHeroes_MarvelHeroesUITests.framework */,
				81F9B8B61DDEC4EDF93BC25F /* Pods_MarvelHeroesTests.framework */,
			);
			name = Frameworks;
			sourceTree = "<group>";
		};
		D754BFDC2620755A005FB0BD = {
			isa = PBXGroup;
			children = (
				D754C062262078E6005FB0BD /* Podfile */,
				D754BFE72620755A005FB0BD /* MarvelHeroes */,
				D754BFFE2620755D005FB0BD /* MarvelHeroesTests */,
				D754C0092620755E005FB0BD /* MarvelHeroesUITests */,
				D754C0A126208242005FB0BD /* MarvelHeroesIntegrationTests */,
				D754BFE62620755A005FB0BD /* Products */,
				445F3B9ABE69FACAC6475BF2 /* Pods */,
				749EEC9857139DB3347017C8 /* Frameworks */,
			);
			sourceTree = "<group>";
		};
		D754BFE62620755A005FB0BD /* Products */ = {
			isa = PBXGroup;
			children = (
				D754BFE52620755A005FB0BD /* MarvelHeroes.app */,
				D754BFFB2620755D005FB0BD /* MarvelHeroesTests.xctest */,
				D754C0062620755E005FB0BD /* MarvelHeroesUITests.xctest */,
				D754C0A026208242005FB0BD /* MarvelHeroesIntegrationTests.xctest */,
			);
			name = Products;
			sourceTree = "<group>";
		};
		D754BFE72620755A005FB0BD /* MarvelHeroes */ = {
			isa = PBXGroup;
			children = (
				D754C1262620C2EE005FB0BD /* App */,
				D754C0B42620896D005FB0BD /* UseCases */,
				D754C07426207DD3005FB0BD /* APIs */,
				D754C05826207780005FB0BD /* Components */,
				D754C04F262076A6005FB0BD /* Protocols */,
				D754C028262075FE005FB0BD /* Extensions */,
				D754C01B2620756D005FB0BD /* Sections */,
				D754BFF12620755D005FB0BD /* Assets.xcassets */,
				D754BFF32620755D005FB0BD /* LaunchScreen.storyboard */,
				D754BFF62620755D005FB0BD /* Info.plist */,
			);
			path = MarvelHeroes;
			sourceTree = "<group>";
		};
		D754BFFE2620755D005FB0BD /* MarvelHeroesTests */ = {
			isa = PBXGroup;
			children = (
				D754BFFF2620755D005FB0BD /* MarvelHeroesTests.swift */,
				D754C0012620755E005FB0BD /* Info.plist */,
			);
			path = MarvelHeroesTests;
			sourceTree = "<group>";
		};
		D754C0092620755E005FB0BD /* MarvelHeroesUITests */ = {
			isa = PBXGroup;
			children = (
				D754C00A2620755E005FB0BD /* MarvelHeroesUITests.swift */,
				D754C00C2620755E005FB0BD /* Info.plist */,
			);
			path = MarvelHeroesUITests;
			sourceTree = "<group>";
		};
		D754C01B2620756D005FB0BD /* Sections */ = {
			isa = PBXGroup;
			children = (
				D754C0B52620A0AF005FB0BD /* HeroList */,
				D754C01C26207575005FB0BD /* HeroDetail */,
			);
			path = Sections;
			sourceTree = "<group>";
		};
		D754C01C26207575005FB0BD /* HeroDetail */ = {
			isa = PBXGroup;
			children = (
				D754C1142620C1C6005FB0BD /* Openers */,
				D754C10D2620C0AC005FB0BD /* Assemblers */,
				D754C1022620C042005FB0BD /* Repositories */,
				D754C01D26207588005FB0BD /* View */,
			);
			path = HeroDetail;
			sourceTree = "<group>";
		};
		D754C01D26207588005FB0BD /* View */ = {
			isa = PBXGroup;
			children = (
				D754C01E262075A3005FB0BD /* HeroDetailViewController.storyboard */,
				D754C023262075CE005FB0BD /* HeroDetailViewController.swift */,
				D754C0FC2620B437005FB0BD /* HeroDetailPresenter.swift */,
			);
			path = View;
			sourceTree = "<group>";
		};
		D754C028262075FE005FB0BD /* Extensions */ = {
			isa = PBXGroup;
			children = (
				D754C07D26207F8B005FB0BD /* CryptoString.swift */,
				D754C097262080E7005FB0BD /* Bundle.swift */,
				D754C14B262207F1005FB0BD /* UIImageView.swift */,
			);
			path = Extensions;
			sourceTree = "<group>";
		};
		D754C04F262076A6005FB0BD /* Protocols */ = {
			isa = PBXGroup;
			children = (
				D754C050262076B9005FB0BD /* ViewProtocols.swift */,
				D754C11C2620C230005FB0BD /* WireframeProtocols.swift */,
			);
			path = Protocols;
			sourceTree = "<group>";
		};
		D754C05826207780005FB0BD /* Components */ = {
			isa = PBXGroup;
			children = (
				D754C059262077F9005FB0BD /* Communications */,
			);
			path = Components;
			sourceTree = "<group>";
		};
		D754C059262077F9005FB0BD /* Communications */ = {
			isa = PBXGroup;
			children = (
				D754C05A26207823005FB0BD /* ApiRouter.swift */,
			);
			path = Communications;
			sourceTree = "<group>";
		};
		D754C07426207DD3005FB0BD /* APIs */ = {
			isa = PBXGroup;
			children = (
				D754C07526207DE4005FB0BD /* MarvelAPI.swift */,
			);
			path = APIs;
			sourceTree = "<group>";
		};
		D754C0A126208242005FB0BD /* MarvelHeroesIntegrationTests */ = {
			isa = PBXGroup;
			children = (
				D754C0A226208242005FB0BD /* MarvelHeroesIntegrationTests.swift */,
				D754C0A426208242005FB0BD /* Info.plist */,
				D754C0AE26208264005FB0BD /* MarvelAPITests.swift */,
			);
			path = MarvelHeroesIntegrationTests;
			sourceTree = "<group>";
		};
		D754C0B42620896D005FB0BD /* UseCases */ = {
			isa = PBXGroup;
			children = (
				D754C0DF2620A7BE005FB0BD /* FetchHeroesUseCase.swift */,
			);
			path = UseCases;
			sourceTree = "<group>";
		};
		D754C0B52620A0AF005FB0BD /* HeroList */ = {
			isa = PBXGroup;
			children = (
				D754C1312620C50C005FB0BD /* Routers */,
				D754C0E52620A9D6005FB0BD /* Assemblers */,
				D754C0D42620A739005FB0BD /* Repositories */,
				D754C0B62620A0BA005FB0BD /* View */,
			);
			path = HeroList;
			sourceTree = "<group>";
		};
		D754C0B62620A0BA005FB0BD /* View */ = {
			isa = PBXGroup;
			children = (
				D754C0B72620A0CF005FB0BD /* HeroListViewController.storyboard */,
				D754C0BD2620A0DF005FB0BD /* HeroListViewController.swift */,
				D754C0CE2620A32A005FB0BD /* HeroCollectionViewCell.swift */,
				D754C0C42620A129005FB0BD /* HeroListPresenter.swift */,
			);
			path = View;
			sourceTree = "<group>";
		};
		D754C0D42620A739005FB0BD /* Repositories */ = {
			isa = PBXGroup;
			children = (
				D754C0D52620A761005FB0BD /* AllHeroesRepository.swift */,
			);
			path = Repositories;
			sourceTree = "<group>";
		};
		D754C0E52620A9D6005FB0BD /* Assemblers */ = {
			isa = PBXGroup;
			children = (
				D754C0E62620A9E8005FB0BD /* HeroListAssembler.swift */,
			);
			path = Assemblers;
			sourceTree = "<group>";
		};
		D754C1022620C042005FB0BD /* Repositories */ = {
			isa = PBXGroup;
			children = (
				D754C1032620C05E005FB0BD /* InMemoryHeroDetailRepository.swift */,
				D754C13C2620C925005FB0BD /* ByIdHeroDetailRepository.swift */,
			);
			path = Repositories;
			sourceTree = "<group>";
		};
		D754C10D2620C0AC005FB0BD /* Assemblers */ = {
			isa = PBXGroup;
			children = (
				D754C10E2620C0DB005FB0BD /* HeroDetailAssembler.swift */,
			);
			path = Assemblers;
			sourceTree = "<group>";
		};
		D754C1142620C1C6005FB0BD /* Openers */ = {
			isa = PBXGroup;
			children = (
				D754C1152620C1D6005FB0BD /* HeroDetailOpener.swift */,
			);
			path = Openers;
			sourceTree = "<group>";
		};
		D754C1262620C2EE005FB0BD /* App */ = {
			isa = PBXGroup;
			children = (
				D754BFE82620755A005FB0BD /* AppDelegate.swift */,
				D754BFEA2620755A005FB0BD /* SceneDelegate.swift */,
				D754C1272620C309005FB0BD /* RootWireframe.swift */,
			);
			path = App;
			sourceTree = "<group>";
		};
		D754C1312620C50C005FB0BD /* Routers */ = {
			isa = PBXGroup;
			children = (
				D754C1322620C526005FB0BD /* HeroListRouter.swift */,
			);
			path = Routers;
			sourceTree = "<group>";
		};
/* End PBXGroup section */

/* Begin PBXNativeTarget section */
		D754BFE42620755A005FB0BD /* MarvelHeroes */ = {
			isa = PBXNativeTarget;
			buildConfigurationList = D754C00F2620755E005FB0BD /* Build configuration list for PBXNativeTarget "MarvelHeroes" */;
			buildPhases = (
				D2D751127256D18781D301A7 /* [CP] Check Pods Manifest.lock */,
				D754BFE12620755A005FB0BD /* Sources */,
				D754BFE22620755A005FB0BD /* Frameworks */,
				D754BFE32620755A005FB0BD /* Resources */,
				21D8B54B2D2099D6DB1C1AF4 /* [CP] Embed Pods Frameworks */,
			);
			buildRules = (
			);
			dependencies = (
			);
			name = MarvelHeroes;
			productName = MarvelHeroes;
			productReference = D754BFE52620755A005FB0BD /* MarvelHeroes.app */;
			productType = "com.apple.product-type.application";
		};
		D754BFFA2620755D005FB0BD /* MarvelHeroesTests */ = {
			isa = PBXNativeTarget;
			buildConfigurationList = D754C0122620755E005FB0BD /* Build configuration list for PBXNativeTarget "MarvelHeroesTests" */;
			buildPhases = (
				258BA60FD65CE7C8A54A485C /* [CP] Check Pods Manifest.lock */,
				D754BFF72620755D005FB0BD /* Sources */,
				D754BFF82620755D005FB0BD /* Frameworks */,
				D754BFF92620755D005FB0BD /* Resources */,
			);
			buildRules = (
			);
			dependencies = (
				D754BFFD2620755D005FB0BD /* PBXTargetDependency */,
			);
			name = MarvelHeroesTests;
			productName = MarvelHeroesTests;
			productReference = D754BFFB2620755D005FB0BD /* MarvelHeroesTests.xctest */;
			productType = "com.apple.product-type.bundle.unit-test";
		};
		D754C0052620755E005FB0BD /* MarvelHeroesUITests */ = {
			isa = PBXNativeTarget;
			buildConfigurationList = D754C0152620755E005FB0BD /* Build configuration list for PBXNativeTarget "MarvelHeroesUITests" */;
			buildPhases = (
				F85376F6FE6FD82E97296232 /* [CP] Check Pods Manifest.lock */,
				D754C0022620755E005FB0BD /* Sources */,
				D754C0032620755E005FB0BD /* Frameworks */,
				D754C0042620755E005FB0BD /* Resources */,
				F574A18E6E5F3687F97C43C9 /* [CP] Embed Pods Frameworks */,
			);
			buildRules = (
			);
			dependencies = (
				D754C0082620755E005FB0BD /* PBXTargetDependency */,
			);
			name = MarvelHeroesUITests;
			productName = MarvelHeroesUITests;
			productReference = D754C0062620755E005FB0BD /* MarvelHeroesUITests.xctest */;
			productType = "com.apple.product-type.bundle.ui-testing";
		};
		D754C09F26208242005FB0BD /* MarvelHeroesIntegrationTests */ = {
			isa = PBXNativeTarget;
			buildConfigurationList = D754C0A726208242005FB0BD /* Build configuration list for PBXNativeTarget "MarvelHeroesIntegrationTests" */;
			buildPhases = (
				D754C09C26208242005FB0BD /* Sources */,
				D754C09D26208242005FB0BD /* Frameworks */,
				D754C09E26208242005FB0BD /* Resources */,
			);
			buildRules = (
			);
			dependencies = (
				D754C0A626208242005FB0BD /* PBXTargetDependency */,
			);
			name = MarvelHeroesIntegrationTests;
			productName = MarvelHeroesIntegrationTests;
			productReference = D754C0A026208242005FB0BD /* MarvelHeroesIntegrationTests.xctest */;
			productType = "com.apple.product-type.bundle.unit-test";
		};
/* End PBXNativeTarget section */

/* Begin PBXProject section */
		D754BFDD2620755A005FB0BD /* Project object */ = {
			isa = PBXProject;
			attributes = {
				LastSwiftUpdateCheck = 1240;
				LastUpgradeCheck = 1240;
				TargetAttributes = {
					D754BFE42620755A005FB0BD = {
						CreatedOnToolsVersion = 12.4;
					};
					D754BFFA2620755D005FB0BD = {
						CreatedOnToolsVersion = 12.4;
						TestTargetID = D754BFE42620755A005FB0BD;
					};
					D754C0052620755E005FB0BD = {
						CreatedOnToolsVersion = 12.4;
						TestTargetID = D754BFE42620755A005FB0BD;
					};
					D754C09F26208242005FB0BD = {
						CreatedOnToolsVersion = 12.4;
						TestTargetID = D754BFE42620755A005FB0BD;
					};
				};
			};
			buildConfigurationList = D754BFE02620755A005FB0BD /* Build configuration list for PBXProject "MarvelHeroes" */;
			compatibilityVersion = "Xcode 9.3";
			developmentRegion = en;
			hasScannedForEncodings = 0;
			knownRegions = (
				en,
				Base,
			);
			mainGroup = D754BFDC2620755A005FB0BD;
			productRefGroup = D754BFE62620755A005FB0BD /* Products */;
			projectDirPath = "";
			projectRoot = "";
			targets = (
				D754BFE42620755A005FB0BD /* MarvelHeroes */,
				D754BFFA2620755D005FB0BD /* MarvelHeroesTests */,
				D754C0052620755E005FB0BD /* MarvelHeroesUITests */,
				D754C09F26208242005FB0BD /* MarvelHeroesIntegrationTests */,
			);
		};
/* End PBXProject section */

/* Begin PBXResourcesBuildPhase section */
		D754BFE32620755A005FB0BD /* Resources */ = {
			isa = PBXResourcesBuildPhase;
			buildActionMask = 2147483647;
			files = (
				D754C063262078E6005FB0BD /* Podfile in Resources */,
				D754BFF52620755D005FB0BD /* LaunchScreen.storyboard in Resources */,
				D754BFF22620755D005FB0BD /* Assets.xcassets in Resources */,
				D754C01F262075A3005FB0BD /* HeroDetailViewController.storyboard in Resources */,
				D754C0B82620A0CF005FB0BD /* HeroListViewController.storyboard in Resources */,
			);
			runOnlyForDeploymentPostprocessing = 0;
		};
		D754BFF92620755D005FB0BD /* Resources */ = {
			isa = PBXResourcesBuildPhase;
			buildActionMask = 2147483647;
			files = (
			);
			runOnlyForDeploymentPostprocessing = 0;
		};
		D754C0042620755E005FB0BD /* Resources */ = {
			isa = PBXResourcesBuildPhase;
			buildActionMask = 2147483647;
			files = (
			);
			runOnlyForDeploymentPostprocessing = 0;
		};
		D754C09E26208242005FB0BD /* Resources */ = {
			isa = PBXResourcesBuildPhase;
			buildActionMask = 2147483647;
			files = (
			);
			runOnlyForDeploymentPostprocessing = 0;
		};
/* End PBXResourcesBuildPhase section */

/* Begin PBXShellScriptBuildPhase section */
		21D8B54B2D2099D6DB1C1AF4 /* [CP] Embed Pods Frameworks */ = {
			isa = PBXShellScriptBuildPhase;
			buildActionMask = 2147483647;
			files = (
			);
			inputFileListPaths = (
				"${PODS_ROOT}/Target Support Files/Pods-MarvelHeroes/Pods-MarvelHeroes-frameworks-${CONFIGURATION}-input-files.xcfilelist",
			);
			name = "[CP] Embed Pods Frameworks";
			outputFileListPaths = (
				"${PODS_ROOT}/Target Support Files/Pods-MarvelHeroes/Pods-MarvelHeroes-frameworks-${CONFIGURATION}-output-files.xcfilelist",
			);
			runOnlyForDeploymentPostprocessing = 0;
			shellPath = /bin/sh;
			shellScript = "\"${PODS_ROOT}/Target Support Files/Pods-MarvelHeroes/Pods-MarvelHeroes-frameworks.sh\"\n";
			showEnvVarsInLog = 0;
		};
		258BA60FD65CE7C8A54A485C /* [CP] Check Pods Manifest.lock */ = {
			isa = PBXShellScriptBuildPhase;
			buildActionMask = 2147483647;
			files = (
			);
			inputFileListPaths = (
			);
			inputPaths = (
				"${PODS_PODFILE_DIR_PATH}/Podfile.lock",
				"${PODS_ROOT}/Manifest.lock",
			);
			name = "[CP] Check Pods Manifest.lock";
			outputFileListPaths = (
			);
			outputPaths = (
				"$(DERIVED_FILE_DIR)/Pods-MarvelHeroesTests-checkManifestLockResult.txt",
			);
			runOnlyForDeploymentPostprocessing = 0;
			shellPath = /bin/sh;
			shellScript = "diff \"${PODS_PODFILE_DIR_PATH}/Podfile.lock\" \"${PODS_ROOT}/Manifest.lock\" > /dev/null\nif [ $? != 0 ] ; then\n    # print error to STDERR\n    echo \"error: The sandbox is not in sync with the Podfile.lock. Run 'pod install' or update your CocoaPods installation.\" >&2\n    exit 1\nfi\n# This output is used by Xcode 'outputs' to avoid re-running this script phase.\necho \"SUCCESS\" > \"${SCRIPT_OUTPUT_FILE_0}\"\n";
			showEnvVarsInLog = 0;
		};
		D2D751127256D18781D301A7 /* [CP] Check Pods Manifest.lock */ = {
			isa = PBXShellScriptBuildPhase;
			buildActionMask = 2147483647;
			files = (
			);
			inputFileListPaths = (
			);
			inputPaths = (
				"${PODS_PODFILE_DIR_PATH}/Podfile.lock",
				"${PODS_ROOT}/Manifest.lock",
			);
			name = "[CP] Check Pods Manifest.lock";
			outputFileListPaths = (
			);
			outputPaths = (
				"$(DERIVED_FILE_DIR)/Pods-MarvelHeroes-checkManifestLockResult.txt",
			);
			runOnlyForDeploymentPostprocessing = 0;
			shellPath = /bin/sh;
			shellScript = "diff \"${PODS_PODFILE_DIR_PATH}/Podfile.lock\" \"${PODS_ROOT}/Manifest.lock\" > /dev/null\nif [ $? != 0 ] ; then\n    # print error to STDERR\n    echo \"error: The sandbox is not in sync with the Podfile.lock. Run 'pod install' or update your CocoaPods installation.\" >&2\n    exit 1\nfi\n# This output is used by Xcode 'outputs' to avoid re-running this script phase.\necho \"SUCCESS\" > \"${SCRIPT_OUTPUT_FILE_0}\"\n";
			showEnvVarsInLog = 0;
		};
		F574A18E6E5F3687F97C43C9 /* [CP] Embed Pods Frameworks */ = {
			isa = PBXShellScriptBuildPhase;
			buildActionMask = 2147483647;
			files = (
			);
			inputFileListPaths = (
				"${PODS_ROOT}/Target Support Files/Pods-MarvelHeroes-MarvelHeroesUITests/Pods-MarvelHeroes-MarvelHeroesUITests-frameworks-${CONFIGURATION}-input-files.xcfilelist",
			);
			name = "[CP] Embed Pods Frameworks";
			outputFileListPaths = (
				"${PODS_ROOT}/Target Support Files/Pods-MarvelHeroes-MarvelHeroesUITests/Pods-MarvelHeroes-MarvelHeroesUITests-frameworks-${CONFIGURATION}-output-files.xcfilelist",
			);
			runOnlyForDeploymentPostprocessing = 0;
			shellPath = /bin/sh;
			shellScript = "\"${PODS_ROOT}/Target Support Files/Pods-MarvelHeroes-MarvelHeroesUITests/Pods-MarvelHeroes-MarvelHeroesUITests-frameworks.sh\"\n";
			showEnvVarsInLog = 0;
		};
		F85376F6FE6FD82E97296232 /* [CP] Check Pods Manifest.lock */ = {
			isa = PBXShellScriptBuildPhase;
			buildActionMask = 2147483647;
			files = (
			);
			inputFileListPaths = (
			);
			inputPaths = (
				"${PODS_PODFILE_DIR_PATH}/Podfile.lock",
				"${PODS_ROOT}/Manifest.lock",
			);
			name = "[CP] Check Pods Manifest.lock";
			outputFileListPaths = (
			);
			outputPaths = (
				"$(DERIVED_FILE_DIR)/Pods-MarvelHeroes-MarvelHeroesUITests-checkManifestLockResult.txt",
			);
			runOnlyForDeploymentPostprocessing = 0;
			shellPath = /bin/sh;
			shellScript = "diff \"${PODS_PODFILE_DIR_PATH}/Podfile.lock\" \"${PODS_ROOT}/Manifest.lock\" > /dev/null\nif [ $? != 0 ] ; then\n    # print error to STDERR\n    echo \"error: The sandbox is not in sync with the Podfile.lock. Run 'pod install' or update your CocoaPods installation.\" >&2\n    exit 1\nfi\n# This output is used by Xcode 'outputs' to avoid re-running this script phase.\necho \"SUCCESS\" > \"${SCRIPT_OUTPUT_FILE_0}\"\n";
			showEnvVarsInLog = 0;
		};
/* End PBXShellScriptBuildPhase section */

/* Begin PBXSourcesBuildPhase section */
		D754BFE12620755A005FB0BD /* Sources */ = {
			isa = PBXSourcesBuildPhase;
			buildActionMask = 2147483647;
			files = (
				D754C1282620C309005FB0BD /* RootWireframe.swift in Sources */,
				D754C0E72620A9E8005FB0BD /* HeroListAssembler.swift in Sources */,
				D754C0C52620A129005FB0BD /* HeroListPresenter.swift in Sources */,
				D754C0E02620A7BE005FB0BD /* FetchHeroesUseCase.swift in Sources */,
				D754C098262080E7005FB0BD /* Bundle.swift in Sources */,
				D754C05B26207823005FB0BD /* ApiRouter.swift in Sources */,
				D754C1332620C526005FB0BD /* HeroListRouter.swift in Sources */,
				D754C0CF2620A32A005FB0BD /* HeroCollectionViewCell.swift in Sources */,
				D754C1042620C05E005FB0BD /* InMemoryHeroDetailRepository.swift in Sources */,
				D754C1162620C1D6005FB0BD /* HeroDetailOpener.swift in Sources */,
				D754C024262075CE005FB0BD /* HeroDetailViewController.swift in Sources */,
				D754C051262076B9005FB0BD /* ViewProtocols.swift in Sources */,
				D754C10F2620C0DB005FB0BD /* HeroDetailAssembler.swift in Sources */,
				D754BFE92620755A005FB0BD /* AppDelegate.swift in Sources */,
				D754C0BE2620A0DF005FB0BD /* HeroListViewController.swift in Sources */,
				D754C0D62620A761005FB0BD /* AllHeroesRepository.swift in Sources */,
				D754C07E26207F8B005FB0BD /* CryptoString.swift in Sources */,
				D754C11D2620C230005FB0BD /* WireframeProtocols.swift in Sources */,
				D754C0FD2620B437005FB0BD /* HeroDetailPresenter.swift in Sources */,
				D754C14C262207F1005FB0BD /* UIImageView.swift in Sources */,
				D754C07626207DE4005FB0BD /* MarvelAPI.swift in Sources */,
				D754C13D2620C925005FB0BD /* ByIdHeroDetailRepository.swift in Sources */,
				D754BFEB2620755A005FB0BD /* SceneDelegate.swift in Sources */,
			);
			runOnlyForDeploymentPostprocessing = 0;
		};
		D754BFF72620755D005FB0BD /* Sources */ = {
			isa = PBXSourcesBuildPhase;
			buildActionMask = 2147483647;
			files = (
				D754C0002620755D005FB0BD /* MarvelHeroesTests.swift in Sources */,
			);
			runOnlyForDeploymentPostprocessing = 0;
		};
		D754C0022620755E005FB0BD /* Sources */ = {
			isa = PBXSourcesBuildPhase;
			buildActionMask = 2147483647;
			files = (
				D754C00B2620755E005FB0BD /* MarvelHeroesUITests.swift in Sources */,
			);
			runOnlyForDeploymentPostprocessing = 0;
		};
		D754C09C26208242005FB0BD /* Sources */ = {
			isa = PBXSourcesBuildPhase;
			buildActionMask = 2147483647;
			files = (
				D754C0A326208242005FB0BD /* MarvelHeroesIntegrationTests.swift in Sources */,
				D754C0AF26208264005FB0BD /* MarvelAPITests.swift in Sources */,
			);
			runOnlyForDeploymentPostprocessing = 0;
		};
/* End PBXSourcesBuildPhase section */

/* Begin PBXTargetDependency section */
		D754BFFD2620755D005FB0BD /* PBXTargetDependency */ = {
			isa = PBXTargetDependency;
			target = D754BFE42620755A005FB0BD /* MarvelHeroes */;
			targetProxy = D754BFFC2620755D005FB0BD /* PBXContainerItemProxy */;
		};
		D754C0082620755E005FB0BD /* PBXTargetDependency */ = {
			isa = PBXTargetDependency;
			target = D754BFE42620755A005FB0BD /* MarvelHeroes */;
			targetProxy = D754C0072620755E005FB0BD /* PBXContainerItemProxy */;
		};
		D754C0A626208242005FB0BD /* PBXTargetDependency */ = {
			isa = PBXTargetDependency;
			target = D754BFE42620755A005FB0BD /* MarvelHeroes */;
			targetProxy = D754C0A526208242005FB0BD /* PBXContainerItemProxy */;
		};
/* End PBXTargetDependency section */

/* Begin PBXVariantGroup section */
		D754BFF32620755D005FB0BD /* LaunchScreen.storyboard */ = {
			isa = PBXVariantGroup;
			children = (
				D754BFF42620755D005FB0BD /* Base */,
			);
			name = LaunchScreen.storyboard;
			sourceTree = "<group>";
		};
/* End PBXVariantGroup section */

/* Begin XCBuildConfiguration section */
		D754C00D2620755E005FB0BD /* Debug */ = {
			isa = XCBuildConfiguration;
			buildSettings = {
				ALWAYS_SEARCH_USER_PATHS = NO;
				CLANG_ANALYZER_NONNULL = YES;
				CLANG_ANALYZER_NUMBER_OBJECT_CONVERSION = YES_AGGRESSIVE;
				CLANG_CXX_LANGUAGE_STANDARD = "gnu++14";
				CLANG_CXX_LIBRARY = "libc++";
				CLANG_ENABLE_MODULES = YES;
				CLANG_ENABLE_OBJC_ARC = YES;
				CLANG_ENABLE_OBJC_WEAK = YES;
				CLANG_WARN_BLOCK_CAPTURE_AUTORELEASING = YES;
				CLANG_WARN_BOOL_CONVERSION = YES;
				CLANG_WARN_COMMA = YES;
				CLANG_WARN_CONSTANT_CONVERSION = YES;
				CLANG_WARN_DEPRECATED_OBJC_IMPLEMENTATIONS = YES;
				CLANG_WARN_DIRECT_OBJC_ISA_USAGE = YES_ERROR;
				CLANG_WARN_DOCUMENTATION_COMMENTS = YES;
				CLANG_WARN_EMPTY_BODY = YES;
				CLANG_WARN_ENUM_CONVERSION = YES;
				CLANG_WARN_INFINITE_RECURSION = YES;
				CLANG_WARN_INT_CONVERSION = YES;
				CLANG_WARN_NON_LITERAL_NULL_CONVERSION = YES;
				CLANG_WARN_OBJC_IMPLICIT_RETAIN_SELF = YES;
				CLANG_WARN_OBJC_LITERAL_CONVERSION = YES;
				CLANG_WARN_OBJC_ROOT_CLASS = YES_ERROR;
				CLANG_WARN_QUOTED_INCLUDE_IN_FRAMEWORK_HEADER = YES;
				CLANG_WARN_RANGE_LOOP_ANALYSIS = YES;
				CLANG_WARN_STRICT_PROTOTYPES = YES;
				CLANG_WARN_SUSPICIOUS_MOVE = YES;
				CLANG_WARN_UNGUARDED_AVAILABILITY = YES_AGGRESSIVE;
				CLANG_WARN_UNREACHABLE_CODE = YES;
				CLANG_WARN__DUPLICATE_METHOD_MATCH = YES;
				COPY_PHASE_STRIP = NO;
				DEBUG_INFORMATION_FORMAT = dwarf;
				ENABLE_STRICT_OBJC_MSGSEND = YES;
				ENABLE_TESTABILITY = YES;
				GCC_C_LANGUAGE_STANDARD = gnu11;
				GCC_DYNAMIC_NO_PIC = NO;
				GCC_NO_COMMON_BLOCKS = YES;
				GCC_OPTIMIZATION_LEVEL = 0;
				GCC_PREPROCESSOR_DEFINITIONS = (
					"DEBUG=1",
					"$(inherited)",
				);
				GCC_WARN_64_TO_32_BIT_CONVERSION = YES;
				GCC_WARN_ABOUT_RETURN_TYPE = YES_ERROR;
				GCC_WARN_UNDECLARED_SELECTOR = YES;
				GCC_WARN_UNINITIALIZED_AUTOS = YES_AGGRESSIVE;
				GCC_WARN_UNUSED_FUNCTION = YES;
				GCC_WARN_UNUSED_VARIABLE = YES;
				IPHONEOS_DEPLOYMENT_TARGET = 14.4;
				MTL_ENABLE_DEBUG_INFO = INCLUDE_SOURCE;
				MTL_FAST_MATH = YES;
				ONLY_ACTIVE_ARCH = YES;
				SDKROOT = iphoneos;
				SWIFT_ACTIVE_COMPILATION_CONDITIONS = DEBUG;
				SWIFT_OPTIMIZATION_LEVEL = "-Onone";
			};
			name = Debug;
		};
		D754C00E2620755E005FB0BD /* Release */ = {
			isa = XCBuildConfiguration;
			buildSettings = {
				ALWAYS_SEARCH_USER_PATHS = NO;
				CLANG_ANALYZER_NONNULL = YES;
				CLANG_ANALYZER_NUMBER_OBJECT_CONVERSION = YES_AGGRESSIVE;
				CLANG_CXX_LANGUAGE_STANDARD = "gnu++14";
				CLANG_CXX_LIBRARY = "libc++";
				CLANG_ENABLE_MODULES = YES;
				CLANG_ENABLE_OBJC_ARC = YES;
				CLANG_ENABLE_OBJC_WEAK = YES;
				CLANG_WARN_BLOCK_CAPTURE_AUTORELEASING = YES;
				CLANG_WARN_BOOL_CONVERSION = YES;
				CLANG_WARN_COMMA = YES;
				CLANG_WARN_CONSTANT_CONVERSION = YES;
				CLANG_WARN_DEPRECATED_OBJC_IMPLEMENTATIONS = YES;
				CLANG_WARN_DIRECT_OBJC_ISA_USAGE = YES_ERROR;
				CLANG_WARN_DOCUMENTATION_COMMENTS = YES;
				CLANG_WARN_EMPTY_BODY = YES;
				CLANG_WARN_ENUM_CONVERSION = YES;
				CLANG_WARN_INFINITE_RECURSION = YES;
				CLANG_WARN_INT_CONVERSION = YES;
				CLANG_WARN_NON_LITERAL_NULL_CONVERSION = YES;
				CLANG_WARN_OBJC_IMPLICIT_RETAIN_SELF = YES;
				CLANG_WARN_OBJC_LITERAL_CONVERSION = YES;
				CLANG_WARN_OBJC_ROOT_CLASS = YES_ERROR;
				CLANG_WARN_QUOTED_INCLUDE_IN_FRAMEWORK_HEADER = YES;
				CLANG_WARN_RANGE_LOOP_ANALYSIS = YES;
				CLANG_WARN_STRICT_PROTOTYPES = YES;
				CLANG_WARN_SUSPICIOUS_MOVE = YES;
				CLANG_WARN_UNGUARDED_AVAILABILITY = YES_AGGRESSIVE;
				CLANG_WARN_UNREACHABLE_CODE = YES;
				CLANG_WARN__DUPLICATE_METHOD_MATCH = YES;
				COPY_PHASE_STRIP = NO;
				DEBUG_INFORMATION_FORMAT = "dwarf-with-dsym";
				ENABLE_NS_ASSERTIONS = NO;
				ENABLE_STRICT_OBJC_MSGSEND = YES;
				GCC_C_LANGUAGE_STANDARD = gnu11;
				GCC_NO_COMMON_BLOCKS = YES;
				GCC_WARN_64_TO_32_BIT_CONVERSION = YES;
				GCC_WARN_ABOUT_RETURN_TYPE = YES_ERROR;
				GCC_WARN_UNDECLARED_SELECTOR = YES;
				GCC_WARN_UNINITIALIZED_AUTOS = YES_AGGRESSIVE;
				GCC_WARN_UNUSED_FUNCTION = YES;
				GCC_WARN_UNUSED_VARIABLE = YES;
				IPHONEOS_DEPLOYMENT_TARGET = 14.4;
				MTL_ENABLE_DEBUG_INFO = NO;
				MTL_FAST_MATH = YES;
				SDKROOT = iphoneos;
				SWIFT_COMPILATION_MODE = wholemodule;
				SWIFT_OPTIMIZATION_LEVEL = "-O";
				VALIDATE_PRODUCT = YES;
			};
			name = Release;
		};
		D754C0102620755E005FB0BD /* Debug */ = {
			isa = XCBuildConfiguration;
			baseConfigurationReference = 78692BD8C27465C6FCB003C1 /* Pods-MarvelHeroes.debug.xcconfig */;
			buildSettings = {
				ASSETCATALOG_COMPILER_APPICON_NAME = AppIcon;
				ASSETCATALOG_COMPILER_GLOBAL_ACCENT_COLOR_NAME = AccentColor;
				CODE_SIGN_STYLE = Automatic;
				DEVELOPMENT_TEAM = A4YB7568C7;
				INFOPLIST_FILE = MarvelHeroes/Info.plist;
				LD_RUNPATH_SEARCH_PATHS = (
					"$(inherited)",
					"@executable_path/Frameworks",
				);
				MARVEL_API_PRIVATE_KEY = f975fba35917f080bda1ba66c5fddbf1467c1070;
				MARVEL_API_PUBLIC_KEY = 3424f0c290722b12ed2ded28b19ae8c1;
				PRODUCT_BUNDLE_IDENTIFIER = com.gadaxara.MarvelHeroes;
				PRODUCT_NAME = "$(TARGET_NAME)";
				SWIFT_VERSION = 5.0;
				TARGETED_DEVICE_FAMILY = "1,2";
			};
			name = Debug;
		};
		D754C0112620755E005FB0BD /* Release */ = {
			isa = XCBuildConfiguration;
			baseConfigurationReference = BF194CE3CF39FF0096A48A19 /* Pods-MarvelHeroes.release.xcconfig */;
			buildSettings = {
				ASSETCATALOG_COMPILER_APPICON_NAME = AppIcon;
				ASSETCATALOG_COMPILER_GLOBAL_ACCENT_COLOR_NAME = AccentColor;
				CODE_SIGN_STYLE = Automatic;
				DEVELOPMENT_TEAM = A4YB7568C7;
				INFOPLIST_FILE = MarvelHeroes/Info.plist;
				LD_RUNPATH_SEARCH_PATHS = (
					"$(inherited)",
					"@executable_path/Frameworks",
				);
				MARVEL_API_PRIVATE_KEY = f975fba35917f080bda1ba66c5fddbf1467c1070;
				MARVEL_API_PUBLIC_KEY = 3424f0c290722b12ed2ded28b19ae8c1;
				PRODUCT_BUNDLE_IDENTIFIER = com.gadaxara.MarvelHeroes;
				PRODUCT_NAME = "$(TARGET_NAME)";
				SWIFT_VERSION = 5.0;
				TARGETED_DEVICE_FAMILY = "1,2";
			};
			name = Release;
		};
		D754C0132620755E005FB0BD /* Debug */ = {
			isa = XCBuildConfiguration;
			baseConfigurationReference = 902279C49A7082D69261B914 /* Pods-MarvelHeroesTests.debug.xcconfig */;
			buildSettings = {
				ALWAYS_EMBED_SWIFT_STANDARD_LIBRARIES = YES;
				BUNDLE_LOADER = "$(TEST_HOST)";
				CODE_SIGN_STYLE = Automatic;
				DEVELOPMENT_TEAM = A4YB7568C7;
				INFOPLIST_FILE = MarvelHeroesTests/Info.plist;
				IPHONEOS_DEPLOYMENT_TARGET = 14.4;
				LD_RUNPATH_SEARCH_PATHS = (
					"$(inherited)",
					"@executable_path/Frameworks",
					"@loader_path/Frameworks",
				);
				PRODUCT_BUNDLE_IDENTIFIER = com.gadaxara.MarvelHeroesTests;
				PRODUCT_NAME = "$(TARGET_NAME)";
				SWIFT_VERSION = 5.0;
				TARGETED_DEVICE_FAMILY = "1,2";
				TEST_HOST = "$(BUILT_PRODUCTS_DIR)/MarvelHeroes.app/MarvelHeroes";
			};
			name = Debug;
		};
		D754C0142620755E005FB0BD /* Release */ = {
			isa = XCBuildConfiguration;
			baseConfigurationReference = 703187FE2F66740DDAA5EC2D /* Pods-MarvelHeroesTests.release.xcconfig */;
			buildSettings = {
				ALWAYS_EMBED_SWIFT_STANDARD_LIBRARIES = YES;
				BUNDLE_LOADER = "$(TEST_HOST)";
				CODE_SIGN_STYLE = Automatic;
				DEVELOPMENT_TEAM = A4YB7568C7;
				INFOPLIST_FILE = MarvelHeroesTests/Info.plist;
				IPHONEOS_DEPLOYMENT_TARGET = 14.4;
				LD_RUNPATH_SEARCH_PATHS = (
					"$(inherited)",
					"@executable_path/Frameworks",
					"@loader_path/Frameworks",
				);
				PRODUCT_BUNDLE_IDENTIFIER = com.gadaxara.MarvelHeroesTests;
				PRODUCT_NAME = "$(TARGET_NAME)";
				SWIFT_VERSION = 5.0;
				TARGETED_DEVICE_FAMILY = "1,2";
				TEST_HOST = "$(BUILT_PRODUCTS_DIR)/MarvelHeroes.app/MarvelHeroes";
			};
			name = Release;
		};
		D754C0162620755E005FB0BD /* Debug */ = {
			isa = XCBuildConfiguration;
			baseConfigurationReference = DFB9426FB6AA4234A29908F0 /* Pods-MarvelHeroes-MarvelHeroesUITests.debug.xcconfig */;
			buildSettings = {
				ALWAYS_EMBED_SWIFT_STANDARD_LIBRARIES = YES;
				CODE_SIGN_STYLE = Automatic;
				DEVELOPMENT_TEAM = A4YB7568C7;
				INFOPLIST_FILE = MarvelHeroesUITests/Info.plist;
				LD_RUNPATH_SEARCH_PATHS = (
					"$(inherited)",
					"@executable_path/Frameworks",
					"@loader_path/Frameworks",
				);
				PRODUCT_BUNDLE_IDENTIFIER = com.gadaxara.MarvelHeroesUITests;
				PRODUCT_NAME = "$(TARGET_NAME)";
				SWIFT_VERSION = 5.0;
				TARGETED_DEVICE_FAMILY = "1,2";
				TEST_TARGET_NAME = MarvelHeroes;
			};
			name = Debug;
		};
		D754C0172620755E005FB0BD /* Release */ = {
			isa = XCBuildConfiguration;
			baseConfigurationReference = 9391A41CFD635BA9EA89C33E /* Pods-MarvelHeroes-MarvelHeroesUITests.release.xcconfig */;
			buildSettings = {
				ALWAYS_EMBED_SWIFT_STANDARD_LIBRARIES = YES;
				CODE_SIGN_STYLE = Automatic;
				DEVELOPMENT_TEAM = A4YB7568C7;
				INFOPLIST_FILE = MarvelHeroesUITests/Info.plist;
				LD_RUNPATH_SEARCH_PATHS = (
					"$(inherited)",
					"@executable_path/Frameworks",
					"@loader_path/Frameworks",
				);
				PRODUCT_BUNDLE_IDENTIFIER = com.gadaxara.MarvelHeroesUITests;
				PRODUCT_NAME = "$(TARGET_NAME)";
				SWIFT_VERSION = 5.0;
				TARGETED_DEVICE_FAMILY = "1,2";
				TEST_TARGET_NAME = MarvelHeroes;
			};
			name = Release;
		};
		D754C0A826208242005FB0BD /* Debug */ = {
			isa = XCBuildConfiguration;
			buildSettings = {
				BUNDLE_LOADER = "$(TEST_HOST)";
				CODE_SIGN_STYLE = Automatic;
				DEVELOPMENT_TEAM = A4YB7568C7;
				INFOPLIST_FILE = MarvelHeroesIntegrationTests/Info.plist;
				LD_RUNPATH_SEARCH_PATHS = (
					"$(inherited)",
					"@executable_path/Frameworks",
					"@loader_path/Frameworks",
				);
				PRODUCT_BUNDLE_IDENTIFIER = com.gadaxara.MarvelHeroesIntegrationTests;
				PRODUCT_NAME = "$(TARGET_NAME)";
				SWIFT_VERSION = 5.0;
				TARGETED_DEVICE_FAMILY = "1,2";
				TEST_HOST = "$(BUILT_PRODUCTS_DIR)/MarvelHeroes.app/MarvelHeroes";
			};
			name = Debug;
		};
		D754C0A926208242005FB0BD /* Release */ = {
			isa = XCBuildConfiguration;
			buildSettings = {
				BUNDLE_LOADER = "$(TEST_HOST)";
				CODE_SIGN_STYLE = Automatic;
				DEVELOPMENT_TEAM = A4YB7568C7;
				INFOPLIST_FILE = MarvelHeroesIntegrationTests/Info.plist;
				LD_RUNPATH_SEARCH_PATHS = (
					"$(inherited)",
					"@executable_path/Frameworks",
					"@loader_path/Frameworks",
				);
				PRODUCT_BUNDLE_IDENTIFIER = com.gadaxara.MarvelHeroesIntegrationTests;
				PRODUCT_NAME = "$(TARGET_NAME)";
				SWIFT_VERSION = 5.0;
				TARGETED_DEVICE_FAMILY = "1,2";
				TEST_HOST = "$(BUILT_PRODUCTS_DIR)/MarvelHeroes.app/MarvelHeroes";
			};
			name = Release;
		};
/* End XCBuildConfiguration section */

/* Begin XCConfigurationList section */
		D754BFE02620755A005FB0BD /* Build configuration list for PBXProject "MarvelHeroes" */ = {
			isa = XCConfigurationList;
			buildConfigurations = (
				D754C00D2620755E005FB0BD /* Debug */,
				D754C00E2620755E005FB0BD /* Release */,
			);
			defaultConfigurationIsVisible = 0;
			defaultConfigurationName = Release;
		};
		D754C00F2620755E005FB0BD /* Build configuration list for PBXNativeTarget "MarvelHeroes" */ = {
			isa = XCConfigurationList;
			buildConfigurations = (
				D754C0102620755E005FB0BD /* Debug */,
				D754C0112620755E005FB0BD /* Release */,
			);
			defaultConfigurationIsVisible = 0;
			defaultConfigurationName = Release;
		};
		D754C0122620755E005FB0BD /* Build configuration list for PBXNativeTarget "MarvelHeroesTests" */ = {
			isa = XCConfigurationList;
			buildConfigurations = (
				D754C0132620755E005FB0BD /* Debug */,
				D754C0142620755E005FB0BD /* Release */,
			);
			defaultConfigurationIsVisible = 0;
			defaultConfigurationName = Release;
		};
		D754C0152620755E005FB0BD /* Build configuration list for PBXNativeTarget "MarvelHeroesUITests" */ = {
			isa = XCConfigurationList;
			buildConfigurations = (
				D754C0162620755E005FB0BD /* Debug */,
				D754C0172620755E005FB0BD /* Release */,
			);
			defaultConfigurationIsVisible = 0;
			defaultConfigurationName = Release;
		};
		D754C0A726208242005FB0BD /* Build configuration list for PBXNativeTarget "MarvelHeroesIntegrationTests" */ = {
			isa = XCConfigurationList;
			buildConfigurations = (
				D754C0A826208242005FB0BD /* Debug */,
				D754C0A926208242005FB0BD /* Release */,
			);
			defaultConfigurationIsVisible = 0;
			defaultConfigurationName = Release;
		};
/* End XCConfigurationList section */
	};
	rootObject = D754BFDD2620755A005FB0BD /* Project object */;
}
